Microsoft Visual Studio Solution File, Format Version 12.00
# Visual Studio Version 16
VisualStudioVersion = 16.0.30413.136
MinimumVisualStudioVersion = 15.0.26124.0
Project("{9A19103F-16F7-4668-BE54-9A1E7A4F7556}") = "gameboy.core", "gameboy.core\gameboy.core.csproj", "{B32EA5BD-0292-4E5A-9BF9-5632D7469957}"
EndProject
Project("{9A19103F-16F7-4668-BE54-9A1E7A4F7556}") = "gameboy.tests", "gameboy.tests\gameboy.tests.csproj", "{F1250C95-F786-41FC-8FC4-BB6F631EE73D}"
EndProject
Project("{9A19103F-16F7-4668-BE54-9A1E7A4F7556}") = "gameboy.console", "gameboy.console\gameboy.console.csproj", "{B0103F7A-9090-4B1B-B9C9-61FEE11A3C2B}"
EndProject
Project("{9A19103F-16F7-4668-BE54-9A1E7A4F7556}") = "gameboy.ui", "gameboy.ui\gameboy.ui.csproj", "{4165B78B-A540-4C17-95D0-7D962ADFA12C}"
EndProject
Global
	GlobalSection(SolutionConfigurationPlatforms) = preSolution
		Debug|Any CPU = Debug|Any CPU
		Debug|x64 = Debug|x64
		Debug|x86 = Debug|x86
		Release|Any CPU = Release|Any CPU
		Release|x64 = Release|x64
		Release|x86 = Release|x86
	EndGlobalSection
	GlobalSection(ProjectConfigurationPlatforms) = postSolution
		{B32EA5BD-0292-4E5A-9BF9-5632D7469957}.Debug|Any CPU.ActiveCfg = Debug|Any CPU
		{B32EA5BD-0292-4E5A-9BF9-5632D7469957}.Debug|Any CPU.Build.0 = Debug|Any CPU
		{B32EA5BD-0292-4E5A-9BF9-5632D7469957}.Debug|x64.ActiveCfg = Debug|x64
		{B32EA5BD-0292-4E5A-9BF9-5632D7469957}.Debug|x64.Build.0 = Debug|x64
		{B32EA5BD-0292-4E5A-9BF9-5632D7469957}.Debug|x86.ActiveCfg = Debug|x86
		{B32EA5BD-0292-4E5A-9BF9-5632D7469957}.Debug|x86.Build.0 = Debug|x86
		{B32EA5BD-0292-4E5A-9BF9-5632D7469957}.Release|Any CPU.ActiveCfg = Release|Any CPU
		{B32EA5BD-0292-4E5A-9BF9-5632D7469957}.Release|Any CPU.Build.0 = Release|Any CPU
		{B32EA5BD-0292-4E5A-9BF9-5632D7469957}.Release|x64.ActiveCfg = Release|x64
		{B32EA5BD-0292-4E5A-9BF9-5632D7469957}.Release|x64.Build.0 = Release|x64
		{B32EA5BD-0292-4E5A-9BF9-5632D7469957}.Release|x86.ActiveCfg = Release|x86
		{B32EA5BD-0292-4E5A-9BF9-5632D7469957}.Release|x86.Build.0 = Release|x86
		{F1250C95-F786-41FC-8FC4-BB6F631EE73D}.Debug|Any CPU.ActiveCfg = Debug|Any CPU
		{F1250C95-F786-41FC-8FC4-BB6F631EE73D}.Debug|Any CPU.Build.0 = Debug|Any CPU
		{F1250C95-F786-41FC-8FC4-BB6F631EE73D}.Debug|x64.ActiveCfg = Debug|x64
		{F1250C95-F786-41FC-8FC4-BB6F631EE73D}.Debug|x64.Build.0 = Debug|x64
		{F1250C95-F786-41FC-8FC4-BB6F631EE73D}.Debug|x86.ActiveCfg = Debug|x86
		{F1250C95-F786-41FC-8FC4-BB6F631EE73D}.Debug|x86.Build.0 = Debug|x86
		{F1250C95-F786-41FC-8FC4-BB6F631EE73D}.Release|Any CPU.ActiveCfg = Release|Any CPU
		{F1250C95-F786-41FC-8FC4-BB6F631EE73D}.Release|Any CPU.Build.0 = Release|Any CPU
		{F1250C95-F786-41FC-8FC4-BB6F631EE73D}.Release|x64.ActiveCfg = Release|x64
		{F1250C95-F786-41FC-8FC4-BB6F631EE73D}.Release|x64.Build.0 = Release|x64
		{F1250C95-F786-41FC-8FC4-BB6F631EE73D}.Release|x86.ActiveCfg = Release|x86
		{F1250C95-F786-41FC-8FC4-BB6F631EE73D}.Release|x86.Build.0 = Release|x86
		{B0103F7A-9090-4B1B-B9C9-61FEE11A3C2B}.Debug|Any CPU.ActiveCfg = Debug|Any CPU
		{B0103F7A-9090-4B1B-B9C9-61FEE11A3C2B}.Debug|Any CPU.Build.0 = Debug|Any CPU
		{B0103F7A-9090-4B1B-B9C9-61FEE11A3C2B}.Debug|x64.ActiveCfg = Debug|Any CPU
		{B0103F7A-9090-4B1B-B9C9-61FEE11A3C2B}.Debug|x64.Build.0 = Debug|Any CPU
		{B0103F7A-9090-4B1B-B9C9-61FEE11A3C2B}.Debug|x86.ActiveCfg = Debug|Any CPU
		{B0103F7A-9090-4B1B-B9C9-61FEE11A3C2B}.Debug|x86.Build.0 = Debug|Any CPU
		{B0103F7A-9090-4B1B-B9C9-61FEE11A3C2B}.Release|Any CPU.ActiveCfg = Release|Any CPU
		{B0103F7A-9090-4B1B-B9C9-61FEE11A3C2B}.Release|Any CPU.Build.0 = Release|Any CPU
		{B0103F7A-9090-4B1B-B9C9-61FEE11A3C2B}.Release|x64.ActiveCfg = Release|Any CPU
		{B0103F7A-9090-4B1B-B9C9-61FEE11A3C2B}.Release|x64.Build.0 = Release|Any CPU
		{B0103F7A-9090-4B1B-B9C9-61FEE11A3C2B}.Release|x86.ActiveCfg = Release|Any CPU
		{B0103F7A-9090-4B1B-B9C9-61FEE11A3C2B}.Release|x86.Build.0 = Release|Any CPU
		{4165B78B-A540-4C17-95D0-7D962ADFA12C}.Debug|Any CPU.ActiveCfg = Debug|Any CPU
		{4165B78B-A540-4C17-95D0-7D962ADFA12C}.Debug|Any CPU.Build.0 = Debug|Any CPU
		{4165B78B-A540-4C17-95D0-7D962ADFA12C}.Debug|x64.ActiveCfg = Debug|Any CPU
		{4165B78B-A540-4C17-95D0-7D962ADFA12C}.Debug|x64.Build.0 = Debug|Any CPU
		{4165B78B-A540-4C17-95D0-7D962ADFA12C}.Debug|x86.ActiveCfg = Debug|Any CPU
		{4165B78B-A540-4C17-95D0-7D962ADFA12C}.Debug|x86.Build.0 = Debug|Any CPU
		{4165B78B-A540-4C17-95D0-7D962ADFA12C}.Release|Any CPU.ActiveCfg = Release|Any CPU
		{4165B78B-A540-4C17-95D0-7D962ADFA12C}.Release|Any CPU.Build.0 = Release|Any CPU
		{4165B78B-A540-4C17-95D0-7D962ADFA12C}.Release|x64.ActiveCfg = Release|Any CPU
		{4165B78B-A540-4C17-95D0-7D962ADFA12C}.Release|x64.Build.0 = Release|Any CPU
		{4165B78B-A540-4C17-95D0-7D962ADFA12C}.Release|x86.ActiveCfg = Release|Any CPU
		{4165B78B-A540-4C17-95D0-7D962ADFA12C}.Release|x86.Build.0 = Release|Any CPU
	EndGlobalSection
	GlobalSection(SolutionProperties) = preSolution
		HideSolutionNode = FALSE
	EndGlobalSection
	GlobalSection(ExtensibilityGlobals) = postSolution
		SolutionGuid = {F8A05508-DE70-4175-9032-DE2DB44136B3}
	EndGlobalSection
EndGlobal
